PODS:
  - Flutter (1.0.0)
  - getuiflut (0.0.1):
    - Flutter
    - GTSDK
  - GTCommonSDK (3.2.0.0):
    - ZXSDK
  - GTSDK (3.1.0.0):
    - GTCommonSDK (> 3.0.9.0)
  - ZXSDK (3.3.2)

DEPENDENCIES:
  - Flutter (from `Flutter`)
  - getuiflut (from `.symlinks/plugins/getuiflut/ios`)

SPEC REPOS:
  https://github.com/CocoaPods/Specs.git:
    - GTCommonSDK
    - GTSDK
    - ZXSDK

EXTERNAL SOURCES:
  Flutter:
    :path: Flutter
  getuiflut:
    :path: ".symlinks/plugins/getuiflut/ios"

SPEC CHECKSUMS:
  Flutter: e0871f40cf51350855a761d2e70bf5af5b9b5de7
  getuiflut: ea9b200062f474810671171f9f36985ff5d431d0
  GTCommonSDK: 8f08c137a61790577ea10b2a624858619749fec9
  GTSDK: edf67f0d2c9fee263c16cd4d85a9bc6777bc3263
  ZXSDK: 786338c0a18e98e03eda00699c3bfd2700b97117

PODFILE CHECKSUM: 5b2178d2ba7918cc634057a5ee2c59098ebd663d

COCOAPODS: 1.16.2
